
Microsoft Visual Studio Solution File, Format Version 12.00
# Visual Studio Version 17
VisualStudioVersion = 17.1.32210.238
MinimumVisualStudioVersion = 10.0.40219.1
Project("{8BC9CEB8-8B4A-11D0-8D11-00A0C91BC942}") = "nexuslang", "nexuslang.vcxproj", "{EEE49C50-F153-4F2B-A9C8-79B5197586A0}"
EndProject
Global
	GlobalSection(SolutionConfigurationPlatforms) = preSolution
		Debug|x64 = Debug|x64
		Debug|x86 = Debug|x86
		Release|x64 = Release|x64
		Release|x86 = Release|x86
	EndGlobalSection
	GlobalSection(ProjectConfigurationPlatforms) = postSolution
		{EEE49C50-F153-4F2B-A9C8-79B5197586A0}.Debug|x64.ActiveCfg = Debug|x64
		{EEE49C50-F153-4F2B-A9C8-79B5197586A0}.Debug|x64.Build.0 = Debug|x64
		{EEE49C50-F153-4F2B-A9C8-79B5197586A0}.Debug|x86.ActiveCfg = Debug|Win32
		{EEE49C50-F153-4F2B-A9C8-79B5197586A0}.Debug|x86.Build.0 = Debug|Win32
		{EEE49C50-F153-4F2B-A9C8-79B5197586A0}.Release|x64.ActiveCfg = Release|x64
		{EEE49C50-F153-4F2B-A9C8-79B5197586A0}.Release|x64.Build.0 = Release|x64
		{EEE49C50-F153-4F2B-A9C8-79B5197586A0}.Release|x86.ActiveCfg = Release|Win32
		{EEE49C50-F153-4F2B-A9C8-79B5197586A0}.Release|x86.Build.0 = Release|Win32
	EndGlobalSection
	GlobalSection(SolutionProperties) = preSolution
		HideSolutionNode = FALSE
	EndGlobalSection
	GlobalSection(ExtensibilityGlobals) = postSolution
		SolutionGuid = {0BBC425C-E577-4216-B8F1-7BA23332C9E7}
	EndGlobalSection
EndGlobal
